
Microsoft Visual Studio Solution File, Format Version 12.00
# Visual Studio 14
VisualStudioVersion = 14.0.25420.1
MinimumVisualStudioVersion = 10.0.40219.1
Project("{2150E333-8FDC-42A3-9474-1A3956D46DE8}") = "src", "src", "{3A307B07-284A-4006-8C6E-72C7CE1FED59}"
EndProject
Project("{2150E333-8FDC-42A3-9474-1A3956D46DE8}") = "test", "test", "{936019E7-66C4-4682-9A26-421CFF1952F9}"
EndProject
Project("{8BB2217D-0F2D-49D1-97BC-3654ED321F3B}") = "MasDen.RichFileManager.DotNetConnector", "src\MasDen.RichFileManager.DotNetConnector\MasDen.RichFileManager.DotNetConnector.xproj", "{FABEA8F9-0BB3-46EE-9363-99A65802AB63}"
EndProject
Project("{8BB2217D-0F2D-49D1-97BC-3654ED321F3B}") = "MasDen.RichFileManager.DotNetConnector.Test", "test\MasDen.RichFileManager.DotNetConnector.Test\MasDen.RichFileManager.DotNetConnector.Test.xproj", "{2FEEB0B1-C0D9-4F44-8C46-157DD264F35C}"
EndProject
Project("{2150E333-8FDC-42A3-9474-1A3956D46DE8}") = "Solution Items", "Solution Items", "{F1E661BD-2CB1-482D-A2BC-18E81162ECBC}"
	ProjectSection(SolutionItems) = preProject
		global.json = global.json
		SolutionAssemblyInfo.cs = SolutionAssemblyInfo.cs
	EndProjectSection
EndProject
Global
	GlobalSection(SolutionConfigurationPlatforms) = preSolution
		Debug|Any CPU = Debug|Any CPU
		Release|Any CPU = Release|Any CPU
	EndGlobalSection
	GlobalSection(ProjectConfigurationPlatforms) = postSolution
		{FABEA8F9-0BB3-46EE-9363-99A65802AB63}.Debug|Any CPU.ActiveCfg = Debug|Any CPU
		{FABEA8F9-0BB3-46EE-9363-99A65802AB63}.Debug|Any CPU.Build.0 = Debug|Any CPU
		{FABEA8F9-0BB3-46EE-9363-99A65802AB63}.Release|Any CPU.ActiveCfg = Release|Any CPU
		{FABEA8F9-0BB3-46EE-9363-99A65802AB63}.Release|Any CPU.Build.0 = Release|Any CPU
		{2FEEB0B1-C0D9-4F44-8C46-157DD264F35C}.Debug|Any CPU.ActiveCfg = Debug|Any CPU
		{2FEEB0B1-C0D9-4F44-8C46-157DD264F35C}.Debug|Any CPU.Build.0 = Debug|Any CPU
		{2FEEB0B1-C0D9-4F44-8C46-157DD264F35C}.Release|Any CPU.ActiveCfg = Release|Any CPU
		{2FEEB0B1-C0D9-4F44-8C46-157DD264F35C}.Release|Any CPU.Build.0 = Release|Any CPU
	EndGlobalSection
	GlobalSection(SolutionProperties) = preSolution
		HideSolutionNode = FALSE
	EndGlobalSection
	GlobalSection(NestedProjects) = preSolution
		{FABEA8F9-0BB3-46EE-9363-99A65802AB63} = {3A307B07-284A-4006-8C6E-72C7CE1FED59}
		{2FEEB0B1-C0D9-4F44-8C46-157DD264F35C} = {936019E7-66C4-4682-9A26-421CFF1952F9}
	EndGlobalSection
EndGlobal
